<?xml version="1.0" encoding="UTF-8"?>
<Scheme
   version = "1.3">
   <BuildAction>
      <BuildActionEntries>
         <BuildActionEntry
            buildForRunning = "YES">
            <BuildableReference
               BuildableIdentifier = "primary"
               BlueprintIdentifier = "F7E8F6EE24D0189400C73242"
               BuildableName = "VideoEffectPanelDemo.app"
               BlueprintName = "VideoEffectPanelDemo"
               ReferencedContainer = "container:VideoEffectPanelDemo.xcodeproj">
            </BuildableReference>
         </BuildActionEntry>
      </BuildActionEntries>
   </BuildAction>
   <LaunchAction
      useCustomWorkingDirectory = "NO"
      buildConfiguration = "Debug"
      allowLocationSimulation = "YES">
      <BuildableProductRunnable>
         <BuildableReference
            BuildableIdentifier = "primary"
            BlueprintIdentifier = "F7E8F6EE24D0189400C73242"
            BuildableName = "VideoEffectPanelDemo.app"
            BlueprintName = "VideoEffectPanelDemo"
            ReferencedContainer = "container:VideoEffectPanelDemo.xcodeproj">
         </BuildableReference>
      </BuildableProductRunnable>
   </LaunchAction>
</Scheme>
