// !$*UTF8*$!
{
	archiveVersion = 1;
	classes = {
	};
	objectVersion = 50;
	objects = {

/* Begin PBXBuildFile section */
		F76A253024D05C3F00850AB2 /* ServersideModel.m in Sources */ = {isa = PBXBuildFile; fileRef = F76A252F24D05C3F00850AB2 /* ServersideModel.m */; };
		F76A253324D05C4A00850AB2 /* ServersideModelUnit.m in Sources */ = {isa = PBXBuildFile; fileRef = F76A253224D05C4A00850AB2 /* ServersideModelUnit.m */; };
		F7E8F6F424D0189400C73242 /* AppDelegate.m in Sources */ = {isa = PBXBuildFile; fileRef = F7E8F6F324D0189400C73242 /* AppDelegate.m */; };
		F7E8F6F724D0189400C73242 /* SceneDelegate.m in Sources */ = {isa = PBXBuildFile; fileRef = F7E8F6F624D0189400C73242 /* SceneDelegate.m */; };
		F7E8F6FA24D0189400C73242 /* ViewController.m in Sources */ = {isa = PBXBuildFile; fileRef = F7E8F6F924D0189400C73242 /* ViewController.m */; };
		F7E8F6FD24D0189400C73242 /* Main.storyboard in Resources */ = {isa = PBXBuildFile; fileRef = F7E8F6FB24D0189400C73242 /* Main.storyboard */; };
		F7E8F6FF24D0189600C73242 /* Assets.xcassets in Resources */ = {isa = PBXBuildFile; fileRef = F7E8F6FE24D0189600C73242 /* Assets.xcassets */; };
		F7E8F70224D0189600C73242 /* LaunchScreen.storyboard in Resources */ = {isa = PBXBuildFile; fileRef = F7E8F70024D0189600C73242 /* LaunchScreen.storyboard */; };
		F7E8F70524D0189600C73242 /* main.m in Sources */ = {isa = PBXBuildFile; fileRef = F7E8F70424D0189600C73242 /* main.m */; };
		F7E8F72024D025FF00C73242 /* EffectPanel.m in Sources */ = {isa = PBXBuildFile; fileRef = F7E8F71F24D025FF00C73242 /* EffectPanel.m */; };
		F7E8F72324D026D500C73242 /* EffectPanelModel.m in Sources */ = {isa = PBXBuildFile; fileRef = F7E8F72224D026D500C73242 /* EffectPanelModel.m */; };
		F7E8F72E24D03AFF00C73242 /* EffectPanelModelUnit.m in Sources */ = {isa = PBXBuildFile; fileRef = F7E8F72D24D03AFF00C73242 /* EffectPanelModelUnit.m */; };
		F7E8F73124D03B2F00C73242 /* EffectPanelCollectionViewCell.m in Sources */ = {isa = PBXBuildFile; fileRef = F7E8F73024D03B2F00C73242 /* EffectPanelCollectionViewCell.m */; };
		F9BB8C3924D0918F00C5E75C /* EffectDownloadManager.m in Sources */ = {isa = PBXBuildFile; fileRef = F9BB8C3824D0918F00C5E75C /* EffectDownloadManager.m */; };
		F9BB8C3C24D0927400C5E75C /* Effect.m in Sources */ = {isa = PBXBuildFile; fileRef = F9BB8C3B24D0927400C5E75C /* Effect.m */; };
		F9BB8C3F24D09A3F00C5E75C /* EffectDownloadTask.m in Sources */ = {isa = PBXBuildFile; fileRef = F9BB8C3E24D09A3F00C5E75C /* EffectDownloadTask.m */; };
/* End PBXBuildFile section */

/* Begin PBXFileReference section */
		F76A252E24D05C3F00850AB2 /* ServersideModel.h */ = {isa = PBXFileReference; lastKnownFileType = sourcecode.c.h; path = ServersideModel.h; sourceTree = "<group>"; };
		F76A252F24D05C3F00850AB2 /* ServersideModel.m */ = {isa = PBXFileReference; lastKnownFileType = sourcecode.c.objc; path = ServersideModel.m; sourceTree = "<group>"; };
		F76A253124D05C4A00850AB2 /* ServersideModelUnit.h */ = {isa = PBXFileReference; lastKnownFileType = sourcecode.c.h; path = ServersideModelUnit.h; sourceTree = "<group>"; };
		F76A253224D05C4A00850AB2 /* ServersideModelUnit.m */ = {isa = PBXFileReference; lastKnownFileType = sourcecode.c.objc; path = ServersideModelUnit.m; sourceTree = "<group>"; };
		F7E8F6EF24D0189400C73242 /* VideoEffectPanelDemo.app */ = {isa = PBXFileReference; explicitFileType = wrapper.application; includeInIndex = 0; path = VideoEffectPanelDemo.app; sourceTree = BUILT_PRODUCTS_DIR; };
		F7E8F6F224D0189400C73242 /* AppDelegate.h */ = {isa = PBXFileReference; lastKnownFileType = sourcecode.c.h; path = AppDelegate.h; sourceTree = "<group>"; };
		F7E8F6F324D0189400C73242 /* AppDelegate.m */ = {isa = PBXFileReference; lastKnownFileType = sourcecode.c.objc; path = AppDelegate.m; sourceTree = "<group>"; };
		F7E8F6F524D0189400C73242 /* SceneDelegate.h */ = {isa = PBXFileReference; lastKnownFileType = sourcecode.c.h; path = SceneDelegate.h; sourceTree = "<group>"; };
		F7E8F6F624D0189400C73242 /* SceneDelegate.m */ = {isa = PBXFileReference; lastKnownFileType = sourcecode.c.objc; path = SceneDelegate.m; sourceTree = "<group>"; };
		F7E8F6F824D0189400C73242 /* ViewController.h */ = {isa = PBXFileReference; lastKnownFileType = sourcecode.c.h; path = ViewController.h; sourceTree = "<group>"; };
		F7E8F6F924D0189400C73242 /* ViewController.m */ = {isa = PBXFileReference; lastKnownFileType = sourcecode.c.objc; path = ViewController.m; sourceTree = "<group>"; };
		F7E8F6FC24D0189400C73242 /* Base */ = {isa = PBXFileReference; lastKnownFileType = file.storyboard; name = Base; path = Base.lproj/Main.storyboard; sourceTree = "<group>"; };
		F7E8F6FE24D0189600C73242 /* Assets.xcassets */ = {isa = PBXFileReference; lastKnownFileType = folder.assetcatalog; path = Assets.xcassets; sourceTree = "<group>"; };
		F7E8F70124D0189600C73242 /* Base */ = {isa = PBXFileReference; lastKnownFileType = file.storyboard; name = Base; path = Base.lproj/LaunchScreen.storyboard; sourceTree = "<group>"; };
		F7E8F70324D0189600C73242 /* Info.plist */ = {isa = PBXFileReference; lastKnownFileType = text.plist.xml; path = Info.plist; sourceTree = "<group>"; };
		F7E8F70424D0189600C73242 /* main.m */ = {isa = PBXFileReference; lastKnownFileType = sourcecode.c.objc; path = main.m; sourceTree = "<group>"; };
		F7E8F71E24D025FF00C73242 /* EffectPanel.h */ = {isa = PBXFileReference; lastKnownFileType = sourcecode.c.h; path = EffectPanel.h; sourceTree = "<group>"; };
		F7E8F71F24D025FF00C73242 /* EffectPanel.m */ = {isa = PBXFileReference; lastKnownFileType = sourcecode.c.objc; path = EffectPanel.m; sourceTree = "<group>"; };
		F7E8F72124D026D500C73242 /* EffectPanelModel.h */ = {isa = PBXFileReference; lastKnownFileType = sourcecode.c.h; path = EffectPanelModel.h; sourceTree = "<group>"; };
		F7E8F72224D026D500C73242 /* EffectPanelModel.m */ = {isa = PBXFileReference; lastKnownFileType = sourcecode.c.objc; path = EffectPanelModel.m; sourceTree = "<group>"; };
		F7E8F72C24D03AFF00C73242 /* EffectPanelModelUnit.h */ = {isa = PBXFileReference; lastKnownFileType = sourcecode.c.h; path = EffectPanelModelUnit.h; sourceTree = "<group>"; };
		F7E8F72D24D03AFF00C73242 /* EffectPanelModelUnit.m */ = {isa = PBXFileReference; lastKnownFileType = sourcecode.c.objc; path = EffectPanelModelUnit.m; sourceTree = "<group>"; };
		F7E8F72F24D03B2F00C73242 /* EffectPanelCollectionViewCell.h */ = {isa = PBXFileReference; lastKnownFileType = sourcecode.c.h; path = EffectPanelCollectionViewCell.h; sourceTree = "<group>"; };
		F7E8F73024D03B2F00C73242 /* EffectPanelCollectionViewCell.m */ = {isa = PBXFileReference; lastKnownFileType = sourcecode.c.objc; path = EffectPanelCollectionViewCell.m; sourceTree = "<group>"; };
		F9BB8C3724D0918F00C5E75C /* EffectDownloadManager.h */ = {isa = PBXFileReference; lastKnownFileType = sourcecode.c.h; path = EffectDownloadManager.h; sourceTree = "<group>"; };
		F9BB8C3824D0918F00C5E75C /* EffectDownloadManager.m */ = {isa = PBXFileReference; lastKnownFileType = sourcecode.c.objc; path = EffectDownloadManager.m; sourceTree = "<group>"; };
		F9BB8C3A24D0927400C5E75C /* Effect.h */ = {isa = PBXFileReference; lastKnownFileType = sourcecode.c.h; path = Effect.h; sourceTree = "<group>"; };
		F9BB8C3B24D0927400C5E75C /* Effect.m */ = {isa = PBXFileReference; lastKnownFileType = sourcecode.c.objc; path = Effect.m; sourceTree = "<group>"; };
		F9BB8C3D24D09A3F00C5E75C /* EffectDownloadTask.h */ = {isa = PBXFileReference; lastKnownFileType = sourcecode.c.h; path = EffectDownloadTask.h; sourceTree = "<group>"; };
		F9BB8C3E24D09A3F00C5E75C /* EffectDownloadTask.m */ = {isa = PBXFileReference; lastKnownFileType = sourcecode.c.objc; path = EffectDownloadTask.m; sourceTree = "<group>"; };
/* End PBXFileReference section */

/* Begin PBXFrameworksBuildPhase section */
		F7E8F6EC24D0189400C73242 /* Frameworks */ = {
			isa = PBXFrameworksBuildPhase;
			buildActionMask = 2147483647;
			files = (
			);
			runOnlyForDeploymentPostprocessing = 0;
		};
/* End PBXFrameworksBuildPhase section */

/* Begin PBXGroup section */
		F7E8F6E624D0189400C73242 = {
			isa = PBXGroup;
			children = (
				F7E8F6F124D0189400C73242 /* VideoEffectPanelDemo */,
				F7E8F6F024D0189400C73242 /* Products */,
			);
			sourceTree = "<group>";
		};
		F7E8F6F024D0189400C73242 /* Products */ = {
			isa = PBXGroup;
			children = (
				F7E8F6EF24D0189400C73242 /* VideoEffectPanelDemo.app */,
			);
			name = Products;
			sourceTree = "<group>";
		};
		F7E8F6F124D0189400C73242 /* VideoEffectPanelDemo */ = {
			isa = PBXGroup;
			children = (
				F7E8F6F224D0189400C73242 /* AppDelegate.h */,
				F7E8F6F324D0189400C73242 /* AppDelegate.m */,
				F7E8F6F524D0189400C73242 /* SceneDelegate.h */,
				F7E8F6F624D0189400C73242 /* SceneDelegate.m */,
				F7E8F6F824D0189400C73242 /* ViewController.h */,
				F7E8F6F924D0189400C73242 /* ViewController.m */,
				F9BB8C3624D090DA00C5E75C /* ResourceManager */,
				F7E8F72A24D02C2500C73242 /* CapsulatedCollectionViewPanel */,
				F7E8F72B24D02C3F00C73242 /* ServersideDataModel */,
				F7E8F6FB24D0189400C73242 /* Main.storyboard */,
				F7E8F6FE24D0189600C73242 /* Assets.xcassets */,
				F7E8F70024D0189600C73242 /* LaunchScreen.storyboard */,
				F7E8F70324D0189600C73242 /* Info.plist */,
				F7E8F70424D0189600C73242 /* main.m */,
			);
			path = VideoEffectPanelDemo;
			sourceTree = "<group>";
		};
		F7E8F72A24D02C2500C73242 /* CapsulatedCollectionViewPanel */ = {
			isa = PBXGroup;
			children = (
				F7E8F71E24D025FF00C73242 /* EffectPanel.h */,
				F7E8F71F24D025FF00C73242 /* EffectPanel.m */,
				F7E8F72124D026D500C73242 /* EffectPanelModel.h */,
				F7E8F72224D026D500C73242 /* EffectPanelModel.m */,
				F7E8F72F24D03B2F00C73242 /* EffectPanelCollectionViewCell.h */,
				F7E8F73024D03B2F00C73242 /* EffectPanelCollectionViewCell.m */,
				F7E8F72C24D03AFF00C73242 /* EffectPanelModelUnit.h */,
				F7E8F72D24D03AFF00C73242 /* EffectPanelModelUnit.m */,
			);
			path = CapsulatedCollectionViewPanel;
			sourceTree = "<group>";
		};
		F7E8F72B24D02C3F00C73242 /* ServersideDataModel */ = {
			isa = PBXGroup;
			children = (
				F76A252E24D05C3F00850AB2 /* ServersideModel.h */,
				F76A252F24D05C3F00850AB2 /* ServersideModel.m */,
				F76A253124D05C4A00850AB2 /* ServersideModelUnit.h */,
				F76A253224D05C4A00850AB2 /* ServersideModelUnit.m */,
			);
			path = ServersideDataModel;
			sourceTree = "<group>";
		};
		F9BB8C3624D090DA00C5E75C /* ResourceManager */ = {
			isa = PBXGroup;
			children = (
				F9BB8C3A24D0927400C5E75C /* Effect.h */,
				F9BB8C3B24D0927400C5E75C /* Effect.m */,
				F9BB8C3D24D09A3F00C5E75C /* EffectDownloadTask.h */,
				F9BB8C3E24D09A3F00C5E75C /* EffectDownloadTask.m */,
				F9BB8C3724D0918F00C5E75C /* EffectDownloadManager.h */,
				F9BB8C3824D0918F00C5E75C /* EffectDownloadManager.m */,
			);
			path = ResourceManager;
			sourceTree = "<group>";
		};
/* End PBXGroup section */

/* Begin PBXNativeTarget section */
		F7E8F6EE24D0189400C73242 /* VideoEffectPanelDemo */ = {
			isa = PBXNativeTarget;
			buildConfigurationList = F7E8F70824D0189600C73242 /* Build configuration list for PBXNativeTarget "VideoEffectPanelDemo" */;
			buildPhases = (
				F7E8F6EB24D0189400C73242 /* Sources */,
				F7E8F6EC24D0189400C73242 /* Frameworks */,
				F7E8F6ED24D0189400C73242 /* Resources */,
			);
			buildRules = (
			);
			dependencies = (
			);
			name = VideoEffectPanelDemo;
			productName = VideoEffectPanelDemo;
			productReference = F7E8F6EF24D0189400C73242 /* VideoEffectPanelDemo.app */;
			productType = "com.apple.product-type.application";
		};
/* End PBXNativeTarget section */

/* Begin PBXProject section */
		F7E8F6E724D0189400C73242 /* Project object */ = {
			isa = PBXProject;
			attributes = {
				LastUpgradeCheck = 1160;
				ORGANIZATIONNAME = "Alan Ai";
				TargetAttributes = {
					F7E8F6EE24D0189400C73242 = {
						CreatedOnToolsVersion = 11.6;
					};
				};
			};
			buildConfigurationList = F7E8F6EA24D0189400C73242 /* Build configuration list for PBXProject "VideoEffectPanelDemo" */;
			compatibilityVersion = "Xcode 9.3";
			developmentRegion = en;
			hasScannedForEncodings = 0;
			knownRegions = (
				en,
				Base,
			);
			mainGroup = F7E8F6E624D0189400C73242;
			productRefGroup = F7E8F6F024D0189400C73242 /* Products */;
			projectDirPath = "";
			projectRoot = "";
			targets = (
				F7E8F6EE24D0189400C73242 /* VideoEffectPanelDemo */,
			);
		};
/* End PBXProject section */

/* Begin PBXResourcesBuildPhase section */
		F7E8F6ED24D0189400C73242 /* Resources */ = {
			isa = PBXResourcesBuildPhase;
			buildActionMask = 2147483647;
			files = (
				F7E8F70224D0189600C73242 /* LaunchScreen.storyboard in Resources */,
				F7E8F6FF24D0189600C73242 /* Assets.xcassets in Resources */,
				F7E8F6FD24D0189400C73242 /* Main.storyboard in Resources */,
			);
			runOnlyForDeploymentPostprocessing = 0;
		};
/* End PBXResourcesBuildPhase section */

/* Begin PBXSourcesBuildPhase section */
		F7E8F6EB24D0189400C73242 /* Sources */ = {
			isa = PBXSourcesBuildPhase;
			buildActionMask = 2147483647;
			files = (
				F7E8F6FA24D0189400C73242 /* ViewController.m in Sources */,
				F9BB8C3924D0918F00C5E75C /* EffectDownloadManager.m in Sources */,
				F7E8F6F424D0189400C73242 /* AppDelegate.m in Sources */,
				F7E8F73124D03B2F00C73242 /* EffectPanelCollectionViewCell.m in Sources */,
				F76A253024D05C3F00850AB2 /* ServersideModel.m in Sources */,
				F7E8F72E24D03AFF00C73242 /* EffectPanelModelUnit.m in Sources */,
				F76A253324D05C4A00850AB2 /* ServersideModelUnit.m in Sources */,
				F7E8F70524D0189600C73242 /* main.m in Sources */,
				F9BB8C3C24D0927400C5E75C /* Effect.m in Sources */,
				F7E8F72324D026D500C73242 /* EffectPanelModel.m in Sources */,
				F7E8F72024D025FF00C73242 /* EffectPanel.m in Sources */,
				F9BB8C3F24D09A3F00C5E75C /* EffectDownloadTask.m in Sources */,
				F7E8F6F724D0189400C73242 /* SceneDelegate.m in Sources */,
			);
			runOnlyForDeploymentPostprocessing = 0;
		};
/* End PBXSourcesBuildPhase section */

/* Begin PBXVariantGroup section */
		F7E8F6FB24D0189400C73242 /* Main.storyboard */ = {
			isa = PBXVariantGroup;
			children = (
				F7E8F6FC24D0189400C73242 /* Base */,
			);
			name = Main.storyboard;
			sourceTree = "<group>";
		};
		F7E8F70024D0189600C73242 /* LaunchScreen.storyboard */ = {
			isa = PBXVariantGroup;
			children = (
				F7E8F70124D0189600C73242 /* Base */,
			);
			name = LaunchScreen.storyboard;
			sourceTree = "<group>";
		};
/* End PBXVariantGroup section */

/* Begin XCBuildConfiguration section */
		F7E8F70624D0189600C73242 /* Debug */ = {
			isa = XCBuildConfiguration;
			buildSettings = {
				ALWAYS_SEARCH_USER_PATHS = NO;
				CLANG_ANALYZER_NONNULL = YES;
				CLANG_ANALYZER_NUMBER_OBJECT_CONVERSION = YES_AGGRESSIVE;
				CLANG_CXX_LANGUAGE_STANDARD = "gnu++14";
				CLANG_CXX_LIBRARY = "libc++";
				CLANG_ENABLE_MODULES = YES;
				CLANG_ENABLE_OBJC_ARC = YES;
				CLANG_ENABLE_OBJC_WEAK = YES;
				CLANG_WARN_BLOCK_CAPTURE_AUTORELEASING = YES;
				CLANG_WARN_BOOL_CONVERSION = YES;
				CLANG_WARN_COMMA = YES;
				CLANG_WARN_CONSTANT_CONVERSION = YES;
				CLANG_WARN_DEPRECATED_OBJC_IMPLEMENTATIONS = YES;
				CLANG_WARN_DIRECT_OBJC_ISA_USAGE = YES_ERROR;
				CLANG_WARN_DOCUMENTATION_COMMENTS = YES;
				CLANG_WARN_EMPTY_BODY = YES;
				CLANG_WARN_ENUM_CONVERSION = YES;
				CLANG_WARN_INFINITE_RECURSION = YES;
				CLANG_WARN_INT_CONVERSION = YES;
				CLANG_WARN_NON_LITERAL_NULL_CONVERSION = YES;
				CLANG_WARN_OBJC_IMPLICIT_RETAIN_SELF = YES;
				CLANG_WARN_OBJC_LITERAL_CONVERSION = YES;
				CLANG_WARN_OBJC_ROOT_CLASS = YES_ERROR;
				CLANG_WARN_RANGE_LOOP_ANALYSIS = YES;
				CLANG_WARN_STRICT_PROTOTYPES = YES;
				CLANG_WARN_SUSPICIOUS_MOVE = YES;
				CLANG_WARN_UNGUARDED_AVAILABILITY = YES_AGGRESSIVE;
				CLANG_WARN_UNREACHABLE_CODE = YES;
				CLANG_WARN__DUPLICATE_METHOD_MATCH = YES;
				COPY_PHASE_STRIP = NO;
				DEBUG_INFORMATION_FORMAT = dwarf;
				ENABLE_STRICT_OBJC_MSGSEND = YES;
				ENABLE_TESTABILITY = YES;
				GCC_C_LANGUAGE_STANDARD = gnu11;
				GCC_DYNAMIC_NO_PIC = NO;
				GCC_NO_COMMON_BLOCKS = YES;
				GCC_OPTIMIZATION_LEVEL = 0;
				GCC_PREPROCESSOR_DEFINITIONS = (
					"DEBUG=1",
					"$(inherited)",
				);
				GCC_WARN_64_TO_32_BIT_CONVERSION = YES;
				GCC_WARN_ABOUT_RETURN_TYPE = YES_ERROR;
				GCC_WARN_UNDECLARED_SELECTOR = YES;
				GCC_WARN_UNINITIALIZED_AUTOS = YES_AGGRESSIVE;
				GCC_WARN_UNUSED_FUNCTION = YES;
				GCC_WARN_UNUSED_VARIABLE = YES;
				IPHONEOS_DEPLOYMENT_TARGET = 13.6;
				MTL_ENABLE_DEBUG_INFO = INCLUDE_SOURCE;
				MTL_FAST_MATH = YES;
				ONLY_ACTIVE_ARCH = YES;
				SDKROOT = iphoneos;
			};
			name = Debug;
		};
		F7E8F70724D0189600C73242 /* Release */ = {
			isa = XCBuildConfiguration;
			buildSettings = {
				ALWAYS_SEARCH_USER_PATHS = NO;
				CLANG_ANALYZER_NONNULL = YES;
				CLANG_ANALYZER_NUMBER_OBJECT_CONVERSION = YES_AGGRESSIVE;
				CLANG_CXX_LANGUAGE_STANDARD = "gnu++14";
				CLANG_CXX_LIBRARY = "libc++";
				CLANG_ENABLE_MODULES = YES;
				CLANG_ENABLE_OBJC_ARC = YES;
				CLANG_ENABLE_OBJC_WEAK = YES;
				CLANG_WARN_BLOCK_CAPTURE_AUTORELEASING = YES;
				CLANG_WARN_BOOL_CONVERSION = YES;
				CLANG_WARN_COMMA = YES;
				CLANG_WARN_CONSTANT_CONVERSION = YES;
				CLANG_WARN_DEPRECATED_OBJC_IMPLEMENTATIONS = YES;
				CLANG_WARN_DIRECT_OBJC_ISA_USAGE = YES_ERROR;
				CLANG_WARN_DOCUMENTATION_COMMENTS = YES;
				CLANG_WARN_EMPTY_BODY = YES;
				CLANG_WARN_ENUM_CONVERSION = YES;
				CLANG_WARN_INFINITE_RECURSION = YES;
				CLANG_WARN_INT_CONVERSION = YES;
				CLANG_WARN_NON_LITERAL_NULL_CONVERSION = YES;
				CLANG_WARN_OBJC_IMPLICIT_RETAIN_SELF = YES;
				CLANG_WARN_OBJC_LITERAL_CONVERSION = YES;
				CLANG_WARN_OBJC_ROOT_CLASS = YES_ERROR;
				CLANG_WARN_RANGE_LOOP_ANALYSIS = YES;
				CLANG_WARN_STRICT_PROTOTYPES = YES;
				CLANG_WARN_SUSPICIOUS_MOVE = YES;
				CLANG_WARN_UNGUARDED_AVAILABILITY = YES_AGGRESSIVE;
				CLANG_WARN_UNREACHABLE_CODE = YES;
				CLANG_WARN__DUPLICATE_METHOD_MATCH = YES;
				COPY_PHASE_STRIP = NO;
				DEBUG_INFORMATION_FORMAT = "dwarf-with-dsym";
				ENABLE_NS_ASSERTIONS = NO;
				ENABLE_STRICT_OBJC_MSGSEND = YES;
				GCC_C_LANGUAGE_STANDARD = gnu11;
				GCC_NO_COMMON_BLOCKS = YES;
				GCC_WARN_64_TO_32_BIT_CONVERSION = YES;
				GCC_WARN_ABOUT_RETURN_TYPE = YES_ERROR;
				GCC_WARN_UNDECLARED_SELECTOR = YES;
				GCC_WARN_UNINITIALIZED_AUTOS = YES_AGGRESSIVE;
				GCC_WARN_UNUSED_FUNCTION = YES;
				GCC_WARN_UNUSED_VARIABLE = YES;
				IPHONEOS_DEPLOYMENT_TARGET = 13.6;
				MTL_ENABLE_DEBUG_INFO = NO;
				MTL_FAST_MATH = YES;
				SDKROOT = iphoneos;
				VALIDATE_PRODUCT = YES;
			};
			name = Release;
		};
		F7E8F70924D0189600C73242 /* Debug */ = {
			isa = XCBuildConfiguration;
			buildSettings = {
				ASSETCATALOG_COMPILER_APPICON_NAME = AppIcon;
				CODE_SIGN_STYLE = Automatic;
				DEVELOPMENT_TEAM = HA5W848Q8D;
				INFOPLIST_FILE = VideoEffectPanelDemo/Info.plist;
				LD_RUNPATH_SEARCH_PATHS = (
					"$(inherited)",
					"@executable_path/Frameworks",
				);
				PRODUCT_BUNDLE_IDENTIFIER = com.tencent.alanai.VideoEffectPanelDemo;
				PRODUCT_NAME = "$(TARGET_NAME)";
				TARGETED_DEVICE_FAMILY = "1,2";
			};
			name = Debug;
		};
		F7E8F70A24D0189600C73242 /* Release */ = {
			isa = XCBuildConfiguration;
			buildSettings = {
				ASSETCATALOG_COMPILER_APPICON_NAME = AppIcon;
				CODE_SIGN_STYLE = Automatic;
				DEVELOPMENT_TEAM = HA5W848Q8D;
				INFOPLIST_FILE = VideoEffectPanelDemo/Info.plist;
				LD_RUNPATH_SEARCH_PATHS = (
					"$(inherited)",
					"@executable_path/Frameworks",
				);
				PRODUCT_BUNDLE_IDENTIFIER = com.tencent.alanai.VideoEffectPanelDemo;
				PRODUCT_NAME = "$(TARGET_NAME)";
				TARGETED_DEVICE_FAMILY = "1,2";
			};
			name = Release;
		};
/* End XCBuildConfiguration section */

/* Begin XCConfigurationList section */
		F7E8F6EA24D0189400C73242 /* Build configuration list for PBXProject "VideoEffectPanelDemo" */ = {
			isa = XCConfigurationList;
			buildConfigurations = (
				F7E8F70624D0189600C73242 /* Debug */,
				F7E8F70724D0189600C73242 /* Release */,
			);
			defaultConfigurationIsVisible = 0;
			defaultConfigurationName = Release;
		};
		F7E8F70824D0189600C73242 /* Build configuration list for PBXNativeTarget "VideoEffectPanelDemo" */ = {
			isa = XCConfigurationList;
			buildConfigurations = (
				F7E8F70924D0189600C73242 /* Debug */,
				F7E8F70A24D0189600C73242 /* Release */,
			);
			defaultConfigurationIsVisible = 0;
			defaultConfigurationName = Release;
		};
/* End XCConfigurationList section */
	};
	rootObject = F7E8F6E724D0189400C73242 /* Project object */;
}
